
Microsoft Visual Studio Solution File, Format Version 12.00
# Visual Studio Version 17
VisualStudioVersion = 17.5.002.0
MinimumVisualStudioVersion = 10.0.40219.1
Project("{9A19103F-16F7-4668-BE54-9A1E7A4F7556}") = "week4-binarysearch", "week4-binarysearch.csproj", "{554B42FD-3519-4579-AAB0-772F298C7431}"
EndProject
Global
	GlobalSection(SolutionConfigurationPlatforms) = preSolution
		Debug|Any CPU = Debug|Any CPU
		Release|Any CPU = Release|Any CPU
	EndGlobalSection
	GlobalSection(ProjectConfigurationPlatforms) = postSolution
		{554B42FD-3519-4579-AAB0-772F298C7431}.Debug|Any CPU.ActiveCfg = Debug|Any CPU
		{554B42FD-3519-4579-AAB0-772F298C7431}.Debug|Any CPU.Build.0 = Debug|Any CPU
		{554B42FD-3519-4579-AAB0-772F298C7431}.Release|Any CPU.ActiveCfg = Release|Any CPU
		{554B42FD-3519-4579-AAB0-772F298C7431}.Release|Any CPU.Build.0 = Release|Any CPU
	EndGlobalSection
	GlobalSection(SolutionProperties) = preSolution
		HideSolutionNode = FALSE
	EndGlobalSection
	GlobalSection(ExtensibilityGlobals) = postSolution
		SolutionGuid = {04BA747C-2C2B-44FB-895D-E1B336B62552}
	EndGlobalSection
EndGlobal
